# TOOLCHAIN.lock — the toke/ooke versions loke is verified against.
# Updated only by a deliberate toolchain-currency pass (epic F10), never casually.
# Checked by scripts/check_toolchain.sh, which build_loke.sh and CI both call.

toke_repo    = https://github.com/karwalski/toke
toke_commit  = 67d244c
toke_version = 2.8.0

ooke_repo    = https://github.com/karwalski/ooke
ooke_commit  = 212b7e2
ooke_version = 2.0.0

verified_on  = 2026-09-19
verified_by  = scripts/check_toolchain.sh
